// !$*UTF8*$!
{
	archiveVersion = 1;
	classes = {
	};
	objectVersion = 55;
	objects = {

/* Begin PBXBuildFile section */
		4274C70142DB04AE9AE72FB6 /* Pods_FindRestaurant.framework in Frameworks */ = {isa = PBXBuildFile; fileRef = 9D2D84D2B0822B25EAC93698 /* Pods_FindRestaurant.framework */; };
		A46A859428733B1E00A703CC /* GooglePlaceModel.swift in Sources */ = {isa = PBXBuildFile; fileRef = A46A858F28733B1E00A703CC /* GooglePlaceModel.swift */; };
		A46A859628733B1E00A703CC /* GoogleDataProviderModel.swift in Sources */ = {isa = PBXBuildFile; fileRef = A46A859128733B1E00A703CC /* GoogleDataProviderModel.swift */; };
		A46A859E28733DDD00A703CC /* UIView+Extensions.swift in Sources */ = {isa = PBXBuildFile; fileRef = A46A859B28733DDD00A703CC /* UIView+Extensions.swift */; };
		A46A85A32873431500A703CC /* ListTblCell.swift in Sources */ = {isa = PBXBuildFile; fileRef = A46A85A12873431500A703CC /* ListTblCell.swift */; };
		A46A85A42873431500A703CC /* ListTblCell.xib in Resources */ = {isa = PBXBuildFile; fileRef = A46A85A22873431500A703CC /* ListTblCell.xib */; };
		A46A85AB2874649E00A703CC /* LikedRestaurantModel.swift in Sources */ = {isa = PBXBuildFile; fileRef = A46A85AA2874649E00A703CC /* LikedRestaurantModel.swift */; };
		A46A85B62874698700A703CC /* LikedRestaurant+CoreDataClass.swift in Sources */ = {isa = PBXBuildFile; fileRef = A46A85B42874698700A703CC /* LikedRestaurant+CoreDataClass.swift */; };
		A46A85BC2874699F00A703CC /* LikedRestaurantManager.swift in Sources */ = {isa = PBXBuildFile; fileRef = A46A85B92874699F00A703CC /* LikedRestaurantManager.swift */; };
		A46A85BD2874699F00A703CC /* LikedRestaurantDataRepository.swift in Sources */ = {isa = PBXBuildFile; fileRef = A46A85BB2874699F00A703CC /* LikedRestaurantDataRepository.swift */; };
		A46A85BF28746D8700A703CC /* PersistentStorage.swift in Sources */ = {isa = PBXBuildFile; fileRef = A46A85BE28746D8700A703CC /* PersistentStorage.swift */; };
		A49D47A72872987B009CC151 /* AppDelegate.swift in Sources */ = {isa = PBXBuildFile; fileRef = A49D47A62872987B009CC151 /* AppDelegate.swift */; };
		A49D47AE2872987B009CC151 /* Main.storyboard in Resources */ = {isa = PBXBuildFile; fileRef = A49D47AC2872987B009CC151 /* Main.storyboard */; };
		A49D47B12872987B009CC151 /* FindRestaurant.xcdatamodeld in Sources */ = {isa = PBXBuildFile; fileRef = A49D47AF2872987B009CC151 /* FindRestaurant.xcdatamodeld */; };
		A49D47B32872987E009CC151 /* Assets.xcassets in Resources */ = {isa = PBXBuildFile; fileRef = A49D47B22872987E009CC151 /* Assets.xcassets */; };
		A49D47B62872987E009CC151 /* LaunchScreen.storyboard in Resources */ = {isa = PBXBuildFile; fileRef = A49D47B42872987E009CC151 /* LaunchScreen.storyboard */; };
		A49D47C12872987E009CC151 /* FindRestaurantTests.swift in Sources */ = {isa = PBXBuildFile; fileRef = A49D47C02872987E009CC151 /* FindRestaurantTests.swift */; };
		A49D47CB2872987E009CC151 /* FindRestaurantUITests.swift in Sources */ = {isa = PBXBuildFile; fileRef = A49D47CA2872987E009CC151 /* FindRestaurantUITests.swift */; };
		A49D47CD2872987E009CC151 /* FindRestaurantUITestsLaunchTests.swift in Sources */ = {isa = PBXBuildFile; fileRef = A49D47CC2872987E009CC151 /* FindRestaurantUITestsLaunchTests.swift */; };
		A49F75C128818DB3005495C0 /* APICallTests.swift in Sources */ = {isa = PBXBuildFile; fileRef = A49F75C028818DB3005495C0 /* APICallTests.swift */; };
		A4BA11D32872C23200007C2C /* NearByVC.swift in Sources */ = {isa = PBXBuildFile; fileRef = A4BA11D22872C23200007C2C /* NearByVC.swift */; };
		A4BA11D72872CD2800007C2C /* Extension.swift in Sources */ = {isa = PBXBuildFile; fileRef = A4BA11D62872CD2800007C2C /* Extension.swift */; };
		A4BA11D92872E6E800007C2C /* WishListVC.swift in Sources */ = {isa = PBXBuildFile; fileRef = A4BA11D82872E6E800007C2C /* WishListVC.swift */; };
		A4BFC71828753AAC00F8BF68 /* MapVC.swift in Sources */ = {isa = PBXBuildFile; fileRef = A4BFC71728753AAC00F8BF68 /* MapVC.swift */; };
		A4BFC71C2875543200F8BF68 /* Constant.swift in Sources */ = {isa = PBXBuildFile; fileRef = A4BFC71B2875543200F8BF68 /* Constant.swift */; };
		A4BFC71E28755B3300F8BF68 /* GoogleMapModel.swift in Sources */ = {isa = PBXBuildFile; fileRef = A4BFC71D28755B3300F8BF68 /* GoogleMapModel.swift */; };
		A4BFC7222875617C00F8BF68 /* APIHelper.swift in Sources */ = {isa = PBXBuildFile; fileRef = A4BFC7202875617C00F8BF68 /* APIHelper.swift */; };
		A4BFC7232875617C00F8BF68 /* WebService.swift in Sources */ = {isa = PBXBuildFile; fileRef = A4BFC7212875617C00F8BF68 /* WebService.swift */; };
		A4BFC7252875A95700F8BF68 /* PlaceMarkerModel.swift in Sources */ = {isa = PBXBuildFile; fileRef = A4BFC7242875A95700F8BF68 /* PlaceMarkerModel.swift */; };
		A4BFC7272875B5E000F8BF68 /* CalculateDistance.swift in Sources */ = {isa = PBXBuildFile; fileRef = A4BFC7262875B5E000F8BF68 /* CalculateDistance.swift */; };
		A4BFC7292875CB4700F8BF68 /* CLLocationCoordinate+Extensions.swift in Sources */ = {isa = PBXBuildFile; fileRef = A4BFC7282875CB4700F8BF68 /* CLLocationCoordinate+Extensions.swift */; };
		A4E42045287C370C008F6EDA /* LocationManager.swift in Sources */ = {isa = PBXBuildFile; fileRef = A4E42044287C370C008F6EDA /* LocationManager.swift */; };
		A4E42047287D8CDF008F6EDA /* Utility.swift in Sources */ = {isa = PBXBuildFile; fileRef = A4E42046287D8CDF008F6EDA /* Utility.swift */; };
		A4E4204928802BA9008F6EDA /* ImageUtility.swift in Sources */ = {isa = PBXBuildFile; fileRef = A4E4204828802BA9008F6EDA /* ImageUtility.swift */; };
		A4E4204B288035A9008F6EDA /* CoreDataTests.swift in Sources */ = {isa = PBXBuildFile; fileRef = A4E4204A288035A9008F6EDA /* CoreDataTests.swift */; };
		CD89A1795C787E59195BEAC2 /* Pods_FindRestaurantTests.framework in Frameworks */ = {isa = PBXBuildFile; fileRef = 005B10D38FF23FF7C182F063 /* Pods_FindRestaurantTests.framework */; };
		FE0403089C7533421628F373 /* Pods_FindRestaurant_FindRestaurantUITests.framework in Frameworks */ = {isa = PBXBuildFile; fileRef = 779A3DBB9891DC834F799926 /* Pods_FindRestaurant_FindRestaurantUITests.framework */; };
/* End PBXBuildFile section */

/* Begin PBXContainerItemProxy section */
		A49D47BD2872987E009CC151 /* PBXContainerItemProxy */ = {
			isa = PBXContainerItemProxy;
			containerPortal = A49D479B2872987B009CC151 /* Project object */;
			proxyType = 1;
			remoteGlobalIDString = A49D47A22872987B009CC151;
			remoteInfo = FindRestaurant;
		};
		A49D47C72872987E009CC151 /* PBXContainerItemProxy */ = {
			isa = PBXContainerItemProxy;
			containerPortal = A49D479B2872987B009CC151 /* Project object */;
			proxyType = 1;
			remoteGlobalIDString = A49D47A22872987B009CC151;
			remoteInfo = FindRestaurant;
		};
/* End PBXContainerItemProxy section */

/* Begin PBXFileReference section */
		005B10D38FF23FF7C182F063 /* Pods_FindRestaurantTests.framework */ = {isa = PBXFileReference; explicitFileType = wrapper.framework; includeInIndex = 0; path = Pods_FindRestaurantTests.framework; sourceTree = BUILT_PRODUCTS_DIR; };
		09832D1D8FB2B554AD3D56BF /* Pods-FindRestaurant-FindRestaurantUITests.debug.xcconfig */ = {isa = PBXFileReference; includeInIndex = 1; lastKnownFileType = text.xcconfig; name = "Pods-FindRestaurant-FindRestaurantUITests.debug.xcconfig"; path = "Target Support Files/Pods-FindRestaurant-FindRestaurantUITests/Pods-FindRestaurant-FindRestaurantUITests.debug.xcconfig"; sourceTree = "<group>"; };
		239F346801D94AF6A6568C9A /* Pods-FindRestaurant.release.xcconfig */ = {isa = PBXFileReference; includeInIndex = 1; lastKnownFileType = text.xcconfig; name = "Pods-FindRestaurant.release.xcconfig"; path = "Target Support Files/Pods-FindRestaurant/Pods-FindRestaurant.release.xcconfig"; sourceTree = "<group>"; };
		779A3DBB9891DC834F799926 /* Pods_FindRestaurant_FindRestaurantUITests.framework */ = {isa = PBXFileReference; explicitFileType = wrapper.framework; includeInIndex = 0; path = Pods_FindRestaurant_FindRestaurantUITests.framework; sourceTree = BUILT_PRODUCTS_DIR; };
		9D2D84D2B0822B25EAC93698 /* Pods_FindRestaurant.framework */ = {isa = PBXFileReference; explicitFileType = wrapper.framework; includeInIndex = 0; path = Pods_FindRestaurant.framework; sourceTree = BUILT_PRODUCTS_DIR; };
		A46A858F28733B1E00A703CC /* GooglePlaceModel.swift */ = {isa = PBXFileReference; fileEncoding = 4; lastKnownFileType = sourcecode.swift; path = GooglePlaceModel.swift; sourceTree = "<group>"; };
		A46A859128733B1E00A703CC /* GoogleDataProviderModel.swift */ = {isa = PBXFileReference; fileEncoding = 4; lastKnownFileType = sourcecode.swift; path = GoogleDataProviderModel.swift; sourceTree = "<group>"; };
		A46A859B28733DDD00A703CC /* UIView+Extensions.swift */ = {isa = PBXFileReference; fileEncoding = 4; lastKnownFileType = sourcecode.swift; path = "UIView+Extensions.swift"; sourceTree = "<group>"; };
		A46A85A12873431500A703CC /* ListTblCell.swift */ = {isa = PBXFileReference; lastKnownFileType = sourcecode.swift; path = ListTblCell.swift; sourceTree = "<group>"; };
		A46A85A22873431500A703CC /* ListTblCell.xib */ = {isa = PBXFileReference; lastKnownFileType = file.xib; path = ListTblCell.xib; sourceTree = "<group>"; };
		A46A85AA2874649E00A703CC /* LikedRestaurantModel.swift */ = {isa = PBXFileReference; lastKnownFileType = sourcecode.swift; path = LikedRestaurantModel.swift; sourceTree = "<group>"; };
		A46A85B42874698700A703CC /* LikedRestaurant+CoreDataClass.swift */ = {isa = PBXFileReference; lastKnownFileType = sourcecode.swift; path = "LikedRestaurant+CoreDataClass.swift"; sourceTree = "<group>"; };
		A46A85B92874699F00A703CC /* LikedRestaurantManager.swift */ = {isa = PBXFileReference; fileEncoding = 4; lastKnownFileType = sourcecode.swift; path = LikedRestaurantManager.swift; sourceTree = "<group>"; };
		A46A85BB2874699F00A703CC /* LikedRestaurantDataRepository.swift */ = {isa = PBXFileReference; fileEncoding = 4; lastKnownFileType = sourcecode.swift; path = LikedRestaurantDataRepository.swift; sourceTree = "<group>"; };
		A46A85BE28746D8700A703CC /* PersistentStorage.swift */ = {isa = PBXFileReference; fileEncoding = 4; lastKnownFileType = sourcecode.swift; path = PersistentStorage.swift; sourceTree = "<group>"; };
		A49D47A32872987B009CC151 /* FindRestaurant.app */ = {isa = PBXFileReference; explicitFileType = wrapper.application; includeInIndex = 0; path = FindRestaurant.app; sourceTree = BUILT_PRODUCTS_DIR; };
		A49D47A62872987B009CC151 /* AppDelegate.swift */ = {isa = PBXFileReference; lastKnownFileType = sourcecode.swift; path = AppDelegate.swift; sourceTree = "<group>"; };
		A49D47AD2872987B009CC151 /* Base */ = {isa = PBXFileReference; lastKnownFileType = file.storyboard; name = Base; path = Base.lproj/Main.storyboard; sourceTree = "<group>"; };
		A49D47B02872987B009CC151 /* FindRestaurant.xcdatamodel */ = {isa = PBXFileReference; lastKnownFileType = wrapper.xcdatamodel; path = FindRestaurant.xcdatamodel; sourceTree = "<group>"; };
		A49D47B22872987E009CC151 /* Assets.xcassets */ = {isa = PBXFileReference; lastKnownFileType = folder.assetcatalog; path = Assets.xcassets; sourceTree = "<group>"; };
		A49D47B52872987E009CC151 /* Base */ = {isa = PBXFileReference; lastKnownFileType = file.storyboard; name = Base; path = Base.lproj/LaunchScreen.storyboard; sourceTree = "<group>"; };
		A49D47B72872987E009CC151 /* Info.plist */ = {isa = PBXFileReference; lastKnownFileType = text.plist.xml; path = Info.plist; sourceTree = "<group>"; };
		A49D47BC2872987E009CC151 /* FindRestaurantTests.xctest */ = {isa = PBXFileReference; explicitFileType = wrapper.cfbundle; includeInIndex = 0; path = FindRestaurantTests.xctest; sourceTree = BUILT_PRODUCTS_DIR; };
		A49D47C02872987E009CC151 /* FindRestaurantTests.swift */ = {isa = PBXFileReference; lastKnownFileType = sourcecode.swift; path = FindRestaurantTests.swift; sourceTree = "<group>"; };
		A49D47C62872987E009CC151 /* FindRestaurantUITests.xctest */ = {isa = PBXFileReference; explicitFileType = wrapper.cfbundle; includeInIndex = 0; path = FindRestaurantUITests.xctest; sourceTree = BUILT_PRODUCTS_DIR; };
		A49D47CA2872987E009CC151 /* FindRestaurantUITests.swift */ = {isa = PBXFileReference; lastKnownFileType = sourcecode.swift; path = FindRestaurantUITests.swift; sourceTree = "<group>"; };
		A49D47CC2872987E009CC151 /* FindRestaurantUITestsLaunchTests.swift */ = {isa = PBXFileReference; lastKnownFileType = sourcecode.swift; path = FindRestaurantUITestsLaunchTests.swift; sourceTree = "<group>"; };
		A49D47D928729EC4009CC151 /* README.md */ = {isa = PBXFileReference; lastKnownFileType = net.daringfireball.markdown; path = README.md; sourceTree = "<group>"; };
		A49F75C028818DB3005495C0 /* APICallTests.swift */ = {isa = PBXFileReference; lastKnownFileType = sourcecode.swift; path = APICallTests.swift; sourceTree = "<group>"; };
		A4BA11D22872C23200007C2C /* NearByVC.swift */ = {isa = PBXFileReference; lastKnownFileType = sourcecode.swift; path = NearByVC.swift; sourceTree = "<group>"; };
		A4BA11D62872CD2800007C2C /* Extension.swift */ = {isa = PBXFileReference; lastKnownFileType = sourcecode.swift; path = Extension.swift; sourceTree = "<group>"; };
		A4BA11D82872E6E800007C2C /* WishListVC.swift */ = {isa = PBXFileReference; lastKnownFileType = sourcecode.swift; path = WishListVC.swift; sourceTree = "<group>"; };
		A4BFC71728753AAC00F8BF68 /* MapVC.swift */ = {isa = PBXFileReference; lastKnownFileType = sourcecode.swift; path = MapVC.swift; sourceTree = "<group>"; };
		A4BFC71B2875543200F8BF68 /* Constant.swift */ = {isa = PBXFileReference; lastKnownFileType = sourcecode.swift; path = Constant.swift; sourceTree = "<group>"; };
		A4BFC71D28755B3300F8BF68 /* GoogleMapModel.swift */ = {isa = PBXFileReference; lastKnownFileType = sourcecode.swift; path = GoogleMapModel.swift; sourceTree = "<group>"; };
		A4BFC7202875617C00F8BF68 /* APIHelper.swift */ = {isa = PBXFileReference; fileEncoding = 4; lastKnownFileType = sourcecode.swift; path = APIHelper.swift; sourceTree = "<group>"; };
		A4BFC7212875617C00F8BF68 /* WebService.swift */ = {isa = PBXFileReference; fileEncoding = 4; lastKnownFileType = sourcecode.swift; path = WebService.swift; sourceTree = "<group>"; };
		A4BFC7242875A95700F8BF68 /* PlaceMarkerModel.swift */ = {isa = PBXFileReference; fileEncoding = 4; lastKnownFileType = sourcecode.swift; path = PlaceMarkerModel.swift; sourceTree = "<group>"; };
		A4BFC7262875B5E000F8BF68 /* CalculateDistance.swift */ = {isa = PBXFileReference; lastKnownFileType = sourcecode.swift; path = CalculateDistance.swift; sourceTree = "<group>"; };
		A4BFC7282875CB4700F8BF68 /* CLLocationCoordinate+Extensions.swift */ = {isa = PBXFileReference; fileEncoding = 4; lastKnownFileType = sourcecode.swift; path = "CLLocationCoordinate+Extensions.swift"; sourceTree = "<group>"; };
		A4E42044287C370C008F6EDA /* LocationManager.swift */ = {isa = PBXFileReference; lastKnownFileType = sourcecode.swift; path = LocationManager.swift; sourceTree = "<group>"; };
		A4E42046287D8CDF008F6EDA /* Utility.swift */ = {isa = PBXFileReference; lastKnownFileType = sourcecode.swift; path = Utility.swift; sourceTree = "<group>"; };
		A4E4204828802BA9008F6EDA /* ImageUtility.swift */ = {isa = PBXFileReference; lastKnownFileType = sourcecode.swift; path = ImageUtility.swift; sourceTree = "<group>"; };
		A4E4204A288035A9008F6EDA /* CoreDataTests.swift */ = {isa = PBXFileReference; lastKnownFileType = sourcecode.swift; path = CoreDataTests.swift; sourceTree = "<group>"; };
		C23B82E7E2295AA66F687B5E /* Pods-FindRestaurant.debug.xcconfig */ = {isa = PBXFileReference; includeInIndex = 1; lastKnownFileType = text.xcconfig; name = "Pods-FindRestaurant.debug.xcconfig"; path = "Target Support Files/Pods-FindRestaurant/Pods-FindRestaurant.debug.xcconfig"; sourceTree = "<group>"; };
		D6D8B5BAF1AF4E27E9E17DEB /* Pods-FindRestaurantTests.debug.xcconfig */ = {isa = PBXFileReference; includeInIndex = 1; lastKnownFileType = text.xcconfig; name = "Pods-FindRestaurantTests.debug.xcconfig"; path = "Target Support Files/Pods-FindRestaurantTests/Pods-FindRestaurantTests.debug.xcconfig"; sourceTree = "<group>"; };
		E41F02CE748FC0748BC66E69 /* Pods-FindRestaurant-FindRestaurantUITests.release.xcconfig */ = {isa = PBXFileReference; includeInIndex = 1; lastKnownFileType = text.xcconfig; name = "Pods-FindRestaurant-FindRestaurantUITests.release.xcconfig"; path = "Target Support Files/Pods-FindRestaurant-FindRestaurantUITests/Pods-FindRestaurant-FindRestaurantUITests.release.xcconfig"; sourceTree = "<group>"; };
		F37321FF4EBF3F9FFFB4BB5B /* Pods-FindRestaurantTests.release.xcconfig */ = {isa = PBXFileReference; includeInIndex = 1; lastKnownFileType = text.xcconfig; name = "Pods-FindRestaurantTests.release.xcconfig"; path = "Target Support Files/Pods-FindRestaurantTests/Pods-FindRestaurantTests.release.xcconfig"; sourceTree = "<group>"; };
/* End PBXFileReference section */

/* Begin PBXFrameworksBuildPhase section */
		A49D47A02872987B009CC151 /* Frameworks */ = {
			isa = PBXFrameworksBuildPhase;
			buildActionMask = 2147483647;
			files = (
				4274C70142DB04AE9AE72FB6 /* Pods_FindRestaurant.framework in Frameworks */,
			);
			runOnlyForDeploymentPostprocessing = 0;
		};
		A49D47B92872987E009CC151 /* Frameworks */ = {
			isa = PBXFrameworksBuildPhase;
			buildActionMask = 2147483647;
			files = (
				CD89A1795C787E59195BEAC2 /* Pods_FindRestaurantTests.framework in Frameworks */,
			);
			runOnlyForDeploymentPostprocessing = 0;
		};
		A49D47C32872987E009CC151 /* Frameworks */ = {
			isa = PBXFrameworksBuildPhase;
			buildActionMask = 2147483647;
			files = (
				FE0403089C7533421628F373 /* Pods_FindRestaurant_FindRestaurantUITests.framework in Frameworks */,
			);
			runOnlyForDeploymentPostprocessing = 0;
		};
/* End PBXFrameworksBuildPhase section */

/* Begin PBXGroup section */
		4F6AFD044569D1D0689A2A4B /* Pods */ = {
			isa = PBXGroup;
			children = (
				C23B82E7E2295AA66F687B5E /* Pods-FindRestaurant.debug.xcconfig */,
				239F346801D94AF6A6568C9A /* Pods-FindRestaurant.release.xcconfig */,
				09832D1D8FB2B554AD3D56BF /* Pods-FindRestaurant-FindRestaurantUITests.debug.xcconfig */,
				E41F02CE748FC0748BC66E69 /* Pods-FindRestaurant-FindRestaurantUITests.release.xcconfig */,
				D6D8B5BAF1AF4E27E9E17DEB /* Pods-FindRestaurantTests.debug.xcconfig */,
				F37321FF4EBF3F9FFFB4BB5B /* Pods-FindRestaurantTests.release.xcconfig */,
			);
			path = Pods;
			sourceTree = "<group>";
		};
		588D4B761354420CCE13EC30 /* Frameworks */ = {
			isa = PBXGroup;
			children = (
				9D2D84D2B0822B25EAC93698 /* Pods_FindRestaurant.framework */,
				779A3DBB9891DC834F799926 /* Pods_FindRestaurant_FindRestaurantUITests.framework */,
				005B10D38FF23FF7C182F063 /* Pods_FindRestaurantTests.framework */,
			);
			name = Frameworks;
			sourceTree = "<group>";
		};
		A46A859928733DDD00A703CC /* Views */ = {
			isa = PBXGroup;
			children = (
				A46A859B28733DDD00A703CC /* UIView+Extensions.swift */,
			);
			path = Views;
			sourceTree = "<group>";
		};
		A46A85A0287342D600A703CC /* Cell */ = {
			isa = PBXGroup;
			children = (
				A46A85A12873431500A703CC /* ListTblCell.swift */,
				A46A85A22873431500A703CC /* ListTblCell.xib */,
			);
			path = Cell;
			sourceTree = "<group>";
		};
		A46A85A52874642300A703CC /* CoreDataFile */ = {
			isa = PBXGroup;
			children = (
				A46A85B82874699F00A703CC /* Manager */,
				A46A85BA2874699F00A703CC /* Repository */,
				A46A85B42874698700A703CC /* LikedRestaurant+CoreDataClass.swift */,
				A46A85BE28746D8700A703CC /* PersistentStorage.swift */,
				A49D47AF2872987B009CC151 /* FindRestaurant.xcdatamodeld */,
			);
			path = CoreDataFile;
			sourceTree = "<group>";
		};
		A46A85B82874699F00A703CC /* Manager */ = {
			isa = PBXGroup;
			children = (
				A46A85B92874699F00A703CC /* LikedRestaurantManager.swift */,
			);
			path = Manager;
			sourceTree = "<group>";
		};
		A46A85BA2874699F00A703CC /* Repository */ = {
			isa = PBXGroup;
			children = (
				A46A85BB2874699F00A703CC /* LikedRestaurantDataRepository.swift */,
			);
			path = Repository;
			sourceTree = "<group>";
		};
		A49D479A2872987B009CC151 = {
			isa = PBXGroup;
			children = (
				A49D47A52872987B009CC151 /* FindRestaurant */,
				A49D47BF2872987E009CC151 /* FindRestaurantTests */,
				A49D47C92872987E009CC151 /* FindRestaurantUITests */,
				A49D47A42872987B009CC151 /* Products */,
				4F6AFD044569D1D0689A2A4B /* Pods */,
				588D4B761354420CCE13EC30 /* Frameworks */,
			);
			sourceTree = "<group>";
		};
		A49D47A42872987B009CC151 /* Products */ = {
			isa = PBXGroup;
			children = (
				A49D47A32872987B009CC151 /* FindRestaurant.app */,
				A49D47BC2872987E009CC151 /* FindRestaurantTests.xctest */,
				A49D47C62872987E009CC151 /* FindRestaurantUITests.xctest */,
			);
			name = Products;
			sourceTree = "<group>";
		};
		A49D47A52872987B009CC151 /* FindRestaurant */ = {
			isa = PBXGroup;
			children = (
				A49D47A62872987B009CC151 /* AppDelegate.swift */,
				A4BA11D12872A73900007C2C /* Helper */,
				A4BFC71F2875617C00F8BF68 /* NetworkManager */,
				A49D47DD2872A3C4009CC151 /* Model */,
				A49D47DC2872A3BB009CC151 /* ViewController */,
				A4BA11D02872A72200007C2C /* ViewModel */,
				A49D47AC2872987B009CC151 /* Main.storyboard */,
				A49D47B22872987E009CC151 /* Assets.xcassets */,
				A49D47B42872987E009CC151 /* LaunchScreen.storyboard */,
				A49D47B72872987E009CC151 /* Info.plist */,
				A46A85A52874642300A703CC /* CoreDataFile */,
				A49D47D928729EC4009CC151 /* README.md */,
			);
			path = FindRestaurant;
			sourceTree = "<group>";
		};
		A49D47BF2872987E009CC151 /* FindRestaurantTests */ = {
			isa = PBXGroup;
			children = (
				A49D47C02872987E009CC151 /* FindRestaurantTests.swift */,
				A4E4204A288035A9008F6EDA /* CoreDataTests.swift */,
				A49F75C028818DB3005495C0 /* APICallTests.swift */,
			);
			path = FindRestaurantTests;
			sourceTree = "<group>";
		};
		A49D47C92872987E009CC151 /* FindRestaurantUITests */ = {
			isa = PBXGroup;
			children = (
				A49D47CA2872987E009CC151 /* FindRestaurantUITests.swift */,
				A49D47CC2872987E009CC151 /* FindRestaurantUITestsLaunchTests.swift */,
			);
			path = FindRestaurantUITests;
			sourceTree = "<group>";
		};
		A49D47DC2872A3BB009CC151 /* ViewController */ = {
			isa = PBXGroup;
			children = (
				A46A85A0287342D600A703CC /* Cell */,
				A46A859928733DDD00A703CC /* Views */,
				A4BA11D22872C23200007C2C /* NearByVC.swift */,
				A4BFC71728753AAC00F8BF68 /* MapVC.swift */,
				A4BA11D82872E6E800007C2C /* WishListVC.swift */,
			);
			path = ViewController;
			sourceTree = "<group>";
		};
		A49D47DD2872A3C4009CC151 /* Model */ = {
			isa = PBXGroup;
			children = (
				A4BFC7282875CB4700F8BF68 /* CLLocationCoordinate+Extensions.swift */,
				A46A858F28733B1E00A703CC /* GooglePlaceModel.swift */,
				A4BFC7242875A95700F8BF68 /* PlaceMarkerModel.swift */,
				A4BFC71D28755B3300F8BF68 /* GoogleMapModel.swift */,
				A46A85AA2874649E00A703CC /* LikedRestaurantModel.swift */,
			);
			path = Model;
			sourceTree = "<group>";
		};
		A4BA11D02872A72200007C2C /* ViewModel */ = {
			isa = PBXGroup;
			children = (
				A46A859128733B1E00A703CC /* GoogleDataProviderModel.swift */,
			);
			path = ViewModel;
			sourceTree = "<group>";
		};
		A4BA11D12872A73900007C2C /* Helper */ = {
			isa = PBXGroup;
			children = (
				A4BA11D62872CD2800007C2C /* Extension.swift */,
				A4BFC71B2875543200F8BF68 /* Constant.swift */,
				A4BFC7262875B5E000F8BF68 /* CalculateDistance.swift */,
				A4E42044287C370C008F6EDA /* LocationManager.swift */,
				A4E42046287D8CDF008F6EDA /* Utility.swift */,
				A4E4204828802BA9008F6EDA /* ImageUtility.swift */,
			);
			path = Helper;
			sourceTree = "<group>";
		};
		A4BFC71F2875617C00F8BF68 /* NetworkManager */ = {
			isa = PBXGroup;
			children = (
				A4BFC7202875617C00F8BF68 /* APIHelper.swift */,
				A4BFC7212875617C00F8BF68 /* WebService.swift */,
			);
			path = NetworkManager;
			sourceTree = "<group>";
		};
/* End PBXGroup section */

/* Begin PBXNativeTarget section */
		A49D47A22872987B009CC151 /* FindRestaurant */ = {
			isa = PBXNativeTarget;
			buildConfigurationList = A49D47D02872987E009CC151 /* Build configuration list for PBXNativeTarget "FindRestaurant" */;
			buildPhases = (
				03ADF78794D5AF23996755DC /* [CP] Check Pods Manifest.lock */,
				A49D479F2872987B009CC151 /* Sources */,
				A49D47A02872987B009CC151 /* Frameworks */,
				A49D47A12872987B009CC151 /* Resources */,
				2B8C0D9348B0DAD970569008 /* [CP] Embed Pods Frameworks */,
				115E3C655570F78F8F56F409 /* [CP] Copy Pods Resources */,
			);
			buildRules = (
			);
			dependencies = (
			);
			name = FindRestaurant;
			productName = FindRestaurant;
			productReference = A49D47A32872987B009CC151 /* FindRestaurant.app */;
			productType = "com.apple.product-type.application";
		};
		A49D47BB2872987E009CC151 /* FindRestaurantTests */ = {
			isa = PBXNativeTarget;
			buildConfigurationList = A49D47D32872987E009CC151 /* Build configuration list for PBXNativeTarget "FindRestaurantTests" */;
			buildPhases = (
				10E8BA689E05A23325F52D97 /* [CP] Check Pods Manifest.lock */,
				A49D47B82872987E009CC151 /* Sources */,
				A49D47B92872987E009CC151 /* Frameworks */,
				A49D47BA2872987E009CC151 /* Resources */,
			);
			buildRules = (
			);
			dependencies = (
				A49D47BE2872987E009CC151 /* PBXTargetDependency */,
			);
			name = FindRestaurantTests;
			productName = FindRestaurantTests;
			productReference = A49D47BC2872987E009CC151 /* FindRestaurantTests.xctest */;
			productType = "com.apple.product-type.bundle.unit-test";
		};
		A49D47C52872987E009CC151 /* FindRestaurantUITests */ = {
			isa = PBXNativeTarget;
			buildConfigurationList = A49D47D62872987E009CC151 /* Build configuration list for PBXNativeTarget "FindRestaurantUITests" */;
			buildPhases = (
				322CF3A472C4AE39DBE768C7 /* [CP] Check Pods Manifest.lock */,
				A49D47C22872987E009CC151 /* Sources */,
				A49D47C32872987E009CC151 /* Frameworks */,
				A49D47C42872987E009CC151 /* Resources */,
				77D22569264ED47844D16ADA /* [CP] Embed Pods Frameworks */,
				6E59F88071231A2F8D8F913B /* [CP] Copy Pods Resources */,
			);
			buildRules = (
			);
			dependencies = (
				A49D47C82872987E009CC151 /* PBXTargetDependency */,
			);
			name = FindRestaurantUITests;
			productName = FindRestaurantUITests;
			productReference = A49D47C62872987E009CC151 /* FindRestaurantUITests.xctest */;
			productType = "com.apple.product-type.bundle.ui-testing";
		};
/* End PBXNativeTarget section */

/* Begin PBXProject section */
		A49D479B2872987B009CC151 /* Project object */ = {
			isa = PBXProject;
			attributes = {
				BuildIndependentTargetsInParallel = 1;
				LastSwiftUpdateCheck = 1300;
				LastUpgradeCheck = 1300;
				TargetAttributes = {
					A49D47A22872987B009CC151 = {
						CreatedOnToolsVersion = 13.0;
					};
					A49D47BB2872987E009CC151 = {
						CreatedOnToolsVersion = 13.0;
						TestTargetID = A49D47A22872987B009CC151;
					};
					A49D47C52872987E009CC151 = {
						CreatedOnToolsVersion = 13.0;
						TestTargetID = A49D47A22872987B009CC151;
					};
				};
			};
			buildConfigurationList = A49D479E2872987B009CC151 /* Build configuration list for PBXProject "FindRestaurant" */;
			compatibilityVersion = "Xcode 13.0";
			developmentRegion = en;
			hasScannedForEncodings = 0;
			knownRegions = (
				en,
				Base,
			);
			mainGroup = A49D479A2872987B009CC151;
			productRefGroup = A49D47A42872987B009CC151 /* Products */;
			projectDirPath = "";
			projectRoot = "";
			targets = (
				A49D47A22872987B009CC151 /* FindRestaurant */,
				A49D47BB2872987E009CC151 /* FindRestaurantTests */,
				A49D47C52872987E009CC151 /* FindRestaurantUITests */,
			);
		};
/* End PBXProject section */

/* Begin PBXResourcesBuildPhase section */
		A49D47A12872987B009CC151 /* Resources */ = {
			isa = PBXResourcesBuildPhase;
			buildActionMask = 2147483647;
			files = (
				A46A85A42873431500A703CC /* ListTblCell.xib in Resources */,
				A49D47B62872987E009CC151 /* LaunchScreen.storyboard in Resources */,
				A49D47B32872987E009CC151 /* Assets.xcassets in Resources */,
				A49D47AE2872987B009CC151 /* Main.storyboard in Resources */,
			);
			runOnlyForDeploymentPostprocessing = 0;
		};
		A49D47BA2872987E009CC151 /* Resources */ = {
			isa = PBXResourcesBuildPhase;
			buildActionMask = 2147483647;
			files = (
			);
			runOnlyForDeploymentPostprocessing = 0;
		};
		A49D47C42872987E009CC151 /* Resources */ = {
			isa = PBXResourcesBuildPhase;
			buildActionMask = 2147483647;
			files = (
			);
			runOnlyForDeploymentPostprocessing = 0;
		};
/* End PBXResourcesBuildPhase section */

/* Begin PBXShellScriptBuildPhase section */
		03ADF78794D5AF23996755DC /* [CP] Check Pods Manifest.lock */ = {
			isa = PBXShellScriptBuildPhase;
			buildActionMask = 2147483647;
			files = (
			);
			inputFileListPaths = (
			);
			inputPaths = (
				"${PODS_PODFILE_DIR_PATH}/Podfile.lock",
				"${PODS_ROOT}/Manifest.lock",
			);
			name = "[CP] Check Pods Manifest.lock";
			outputFileListPaths = (
			);
			outputPaths = (
				"$(DERIVED_FILE_DIR)/Pods-FindRestaurant-checkManifestLockResult.txt",
			);
			runOnlyForDeploymentPostprocessing = 0;
			shellPath = /bin/sh;
			shellScript = "diff \"${PODS_PODFILE_DIR_PATH}/Podfile.lock\" \"${PODS_ROOT}/Manifest.lock\" > /dev/null\nif [ $? != 0 ] ; then\n    # print error to STDERR\n    echo \"error: The sandbox is not in sync with the Podfile.lock. Run 'pod install' or update your CocoaPods installation.\" >&2\n    exit 1\nfi\n# This output is used by Xcode 'outputs' to avoid re-running this script phase.\necho \"SUCCESS\" > \"${SCRIPT_OUTPUT_FILE_0}\"\n";
			showEnvVarsInLog = 0;
		};
		10E8BA689E05A23325F52D97 /* [CP] Check Pods Manifest.lock */ = {
			isa = PBXShellScriptBuildPhase;
			buildActionMask = 2147483647;
			files = (
			);
			inputFileListPaths = (
			);
			inputPaths = (
				"${PODS_PODFILE_DIR_PATH}/Podfile.lock",
				"${PODS_ROOT}/Manifest.lock",
			);
			name = "[CP] Check Pods Manifest.lock";
			outputFileListPaths = (
			);
			outputPaths = (
				"$(DERIVED_FILE_DIR)/Pods-FindRestaurantTests-checkManifestLockResult.txt",
			);
			runOnlyForDeploymentPostprocessing = 0;
			shellPath = /bin/sh;
			shellScript = "diff \"${PODS_PODFILE_DIR_PATH}/Podfile.lock\" \"${PODS_ROOT}/Manifest.lock\" > /dev/null\nif [ $? != 0 ] ; then\n    # print error to STDERR\n    echo \"error: The sandbox is not in sync with the Podfile.lock. Run 'pod install' or update your CocoaPods installation.\" >&2\n    exit 1\nfi\n# This output is used by Xcode 'outputs' to avoid re-running this script phase.\necho \"SUCCESS\" > \"${SCRIPT_OUTPUT_FILE_0}\"\n";
			showEnvVarsInLog = 0;
		};
		115E3C655570F78F8F56F409 /* [CP] Copy Pods Resources */ = {
			isa = PBXShellScriptBuildPhase;
			buildActionMask = 2147483647;
			files = (
			);
			inputFileListPaths = (
				"${PODS_ROOT}/Target Support Files/Pods-FindRestaurant/Pods-FindRestaurant-resources-${CONFIGURATION}-input-files.xcfilelist",
			);
			name = "[CP] Copy Pods Resources";
			outputFileListPaths = (
				"${PODS_ROOT}/Target Support Files/Pods-FindRestaurant/Pods-FindRestaurant-resources-${CONFIGURATION}-output-files.xcfilelist",
			);
			runOnlyForDeploymentPostprocessing = 0;
			shellPath = /bin/sh;
			shellScript = "\"${PODS_ROOT}/Target Support Files/Pods-FindRestaurant/Pods-FindRestaurant-resources.sh\"\n";
			showEnvVarsInLog = 0;
		};
		2B8C0D9348B0DAD970569008 /* [CP] Embed Pods Frameworks */ = {
			isa = PBXShellScriptBuildPhase;
			buildActionMask = 2147483647;
			files = (
			);
			inputFileListPaths = (
				"${PODS_ROOT}/Target Support Files/Pods-FindRestaurant/Pods-FindRestaurant-frameworks-${CONFIGURATION}-input-files.xcfilelist",
			);
			name = "[CP] Embed Pods Frameworks";
			outputFileListPaths = (
				"${PODS_ROOT}/Target Support Files/Pods-FindRestaurant/Pods-FindRestaurant-frameworks-${CONFIGURATION}-output-files.xcfilelist",
			);
			runOnlyForDeploymentPostprocessing = 0;
			shellPath = /bin/sh;
			shellScript = "\"${PODS_ROOT}/Target Support Files/Pods-FindRestaurant/Pods-FindRestaurant-frameworks.sh\"\n";
			showEnvVarsInLog = 0;
		};
		322CF3A472C4AE39DBE768C7 /* [CP] Check Pods Manifest.lock */ = {
			isa = PBXShellScriptBuildPhase;
			buildActionMask = 2147483647;
			files = (
			);
			inputFileListPaths = (
			);
			inputPaths = (
				"${PODS_PODFILE_DIR_PATH}/Podfile.lock",
				"${PODS_ROOT}/Manifest.lock",
			);
			name = "[CP] Check Pods Manifest.lock";
			outputFileListPaths = (
			);
			outputPaths = (
				"$(DERIVED_FILE_DIR)/Pods-FindRestaurant-FindRestaurantUITests-checkManifestLockResult.txt",
			);
			runOnlyForDeploymentPostprocessing = 0;
			shellPath = /bin/sh;
			shellScript = "diff \"${PODS_PODFILE_DIR_PATH}/Podfile.lock\" \"${PODS_ROOT}/Manifest.lock\" > /dev/null\nif [ $? != 0 ] ; then\n    # print error to STDERR\n    echo \"error: The sandbox is not in sync with the Podfile.lock. Run 'pod install' or update your CocoaPods installation.\" >&2\n    exit 1\nfi\n# This output is used by Xcode 'outputs' to avoid re-running this script phase.\necho \"SUCCESS\" > \"${SCRIPT_OUTPUT_FILE_0}\"\n";
			showEnvVarsInLog = 0;
		};
		6E59F88071231A2F8D8F913B /* [CP] Copy Pods Resources */ = {
			isa = PBXShellScriptBuildPhase;
			buildActionMask = 2147483647;
			files = (
			);
			inputFileListPaths = (
				"${PODS_ROOT}/Target Support Files/Pods-FindRestaurant-FindRestaurantUITests/Pods-FindRestaurant-FindRestaurantUITests-resources-${CONFIGURATION}-input-files.xcfilelist",
			);
			name = "[CP] Copy Pods Resources";
			outputFileListPaths = (
				"${PODS_ROOT}/Target Support Files/Pods-FindRestaurant-FindRestaurantUITests/Pods-FindRestaurant-FindRestaurantUITests-resources-${CONFIGURATION}-output-files.xcfilelist",
			);
			runOnlyForDeploymentPostprocessing = 0;
			shellPath = /bin/sh;
			shellScript = "\"${PODS_ROOT}/Target Support Files/Pods-FindRestaurant-FindRestaurantUITests/Pods-FindRestaurant-FindRestaurantUITests-resources.sh\"\n";
			showEnvVarsInLog = 0;
		};
		77D22569264ED47844D16ADA /* [CP] Embed Pods Frameworks */ = {
			isa = PBXShellScriptBuildPhase;
			buildActionMask = 2147483647;
			files = (
			);
			inputFileListPaths = (
				"${PODS_ROOT}/Target Support Files/Pods-FindRestaurant-FindRestaurantUITests/Pods-FindRestaurant-FindRestaurantUITests-frameworks-${CONFIGURATION}-input-files.xcfilelist",
			);
			name = "[CP] Embed Pods Frameworks";
			outputFileListPaths = (
				"${PODS_ROOT}/Target Support Files/Pods-FindRestaurant-FindRestaurantUITests/Pods-FindRestaurant-FindRestaurantUITests-frameworks-${CONFIGURATION}-output-files.xcfilelist",
			);
			runOnlyForDeploymentPostprocessing = 0;
			shellPath = /bin/sh;
			shellScript = "\"${PODS_ROOT}/Target Support Files/Pods-FindRestaurant-FindRestaurantUITests/Pods-FindRestaurant-FindRestaurantUITests-frameworks.sh\"\n";
			showEnvVarsInLog = 0;
		};
/* End PBXShellScriptBuildPhase section */

/* Begin PBXSourcesBuildPhase section */
		A49D479F2872987B009CC151 /* Sources */ = {
			isa = PBXSourcesBuildPhase;
			buildActionMask = 2147483647;
			files = (
				A4BFC7252875A95700F8BF68 /* PlaceMarkerModel.swift in Sources */,
				A46A859E28733DDD00A703CC /* UIView+Extensions.swift in Sources */,
				A4E42045287C370C008F6EDA /* LocationManager.swift in Sources */,
				A49D47B12872987B009CC151 /* FindRestaurant.xcdatamodeld in Sources */,
				A46A85BD2874699F00A703CC /* LikedRestaurantDataRepository.swift in Sources */,
				A4BFC71828753AAC00F8BF68 /* MapVC.swift in Sources */,
				A49D47A72872987B009CC151 /* AppDelegate.swift in Sources */,
				A46A85B62874698700A703CC /* LikedRestaurant+CoreDataClass.swift in Sources */,
				A4BFC71E28755B3300F8BF68 /* GoogleMapModel.swift in Sources */,
				A46A85BF28746D8700A703CC /* PersistentStorage.swift in Sources */,
				A46A85BC2874699F00A703CC /* LikedRestaurantManager.swift in Sources */,
				A4BFC7292875CB4700F8BF68 /* CLLocationCoordinate+Extensions.swift in Sources */,
				A4BFC7222875617C00F8BF68 /* APIHelper.swift in Sources */,
				A4BFC7272875B5E000F8BF68 /* CalculateDistance.swift in Sources */,
				A4BFC7232875617C00F8BF68 /* WebService.swift in Sources */,
				A4BA11D72872CD2800007C2C /* Extension.swift in Sources */,
				A46A85AB2874649E00A703CC /* LikedRestaurantModel.swift in Sources */,
				A46A85A32873431500A703CC /* ListTblCell.swift in Sources */,
				A46A859628733B1E00A703CC /* GoogleDataProviderModel.swift in Sources */,
				A4E42047287D8CDF008F6EDA /* Utility.swift in Sources */,
				A4BA11D92872E6E800007C2C /* WishListVC.swift in Sources */,
				A4E4204928802BA9008F6EDA /* ImageUtility.swift in Sources */,
				A46A859428733B1E00A703CC /* GooglePlaceModel.swift in Sources */,
				A4BFC71C2875543200F8BF68 /* Constant.swift in Sources */,
				A4BA11D32872C23200007C2C /* NearByVC.swift in Sources */,
			);
			runOnlyForDeploymentPostprocessing = 0;
		};
		A49D47B82872987E009CC151 /* Sources */ = {
			isa = PBXSourcesBuildPhase;
			buildActionMask = 2147483647;
			files = (
				A49F75C128818DB3005495C0 /* APICallTests.swift in Sources */,
				A4E4204B288035A9008F6EDA /* CoreDataTests.swift in Sources */,
				A49D47C12872987E009CC151 /* FindRestaurantTests.swift in Sources */,
			);
			runOnlyForDeploymentPostprocessing = 0;
		};
		A49D47C22872987E009CC151 /* Sources */ = {
			isa = PBXSourcesBuildPhase;
			buildActionMask = 2147483647;
			files = (
				A49D47CD2872987E009CC151 /* FindRestaurantUITestsLaunchTests.swift in Sources */,
				A49D47CB2872987E009CC151 /* FindRestaurantUITests.swift in Sources */,
			);
			runOnlyForDeploymentPostprocessing = 0;
		};
/* End PBXSourcesBuildPhase section */

/* Begin PBXTargetDependency section */
		A49D47BE2872987E009CC151 /* PBXTargetDependency */ = {
			isa = PBXTargetDependency;
			target = A49D47A22872987B009CC151 /* FindRestaurant */;
			targetProxy = A49D47BD2872987E009CC151 /* PBXContainerItemProxy */;
		};
		A49D47C82872987E009CC151 /* PBXTargetDependency */ = {
			isa = PBXTargetDependency;
			target = A49D47A22872987B009CC151 /* FindRestaurant */;
			targetProxy = A49D47C72872987E009CC151 /* PBXContainerItemProxy */;
		};
/* End PBXTargetDependency section */

/* Begin PBXVariantGroup section */
		A49D47AC2872987B009CC151 /* Main.storyboard */ = {
			isa = PBXVariantGroup;
			children = (
				A49D47AD2872987B009CC151 /* Base */,
			);
			name = Main.storyboard;
			sourceTree = "<group>";
		};
		A49D47B42872987E009CC151 /* LaunchScreen.storyboard */ = {
			isa = PBXVariantGroup;
			children = (
				A49D47B52872987E009CC151 /* Base */,
			);
			name = LaunchScreen.storyboard;
			sourceTree = "<group>";
		};
/* End PBXVariantGroup section */

/* Begin XCBuildConfiguration section */
		A49D47CE2872987E009CC151 /* Debug */ = {
			isa = XCBuildConfiguration;
			buildSettings = {
				ALWAYS_SEARCH_USER_PATHS = NO;
				CLANG_ANALYZER_NONNULL = YES;
				CLANG_ANALYZER_NUMBER_OBJECT_CONVERSION = YES_AGGRESSIVE;
				CLANG_CXX_LANGUAGE_STANDARD = "gnu++17";
				CLANG_CXX_LIBRARY = "libc++";
				CLANG_ENABLE_MODULES = YES;
				CLANG_ENABLE_OBJC_ARC = YES;
				CLANG_ENABLE_OBJC_WEAK = YES;
				CLANG_WARN_BLOCK_CAPTURE_AUTORELEASING = YES;
				CLANG_WARN_BOOL_CONVERSION = YES;
				CLANG_WARN_COMMA = YES;
				CLANG_WARN_CONSTANT_CONVERSION = YES;
				CLANG_WARN_DEPRECATED_OBJC_IMPLEMENTATIONS = YES;
				CLANG_WARN_DIRECT_OBJC_ISA_USAGE = YES_ERROR;
				CLANG_WARN_DOCUMENTATION_COMMENTS = YES;
				CLANG_WARN_EMPTY_BODY = YES;
				CLANG_WARN_ENUM_CONVERSION = YES;
				CLANG_WARN_INFINITE_RECURSION = YES;
				CLANG_WARN_INT_CONVERSION = YES;
				CLANG_WARN_NON_LITERAL_NULL_CONVERSION = YES;
				CLANG_WARN_OBJC_IMPLICIT_RETAIN_SELF = YES;
				CLANG_WARN_OBJC_LITERAL_CONVERSION = YES;
				CLANG_WARN_OBJC_ROOT_CLASS = YES_ERROR;
				CLANG_WARN_QUOTED_INCLUDE_IN_FRAMEWORK_HEADER = YES;
				CLANG_WARN_RANGE_LOOP_ANALYSIS = YES;
				CLANG_WARN_STRICT_PROTOTYPES = YES;
				CLANG_WARN_SUSPICIOUS_MOVE = YES;
				CLANG_WARN_UNGUARDED_AVAILABILITY = YES_AGGRESSIVE;
				CLANG_WARN_UNREACHABLE_CODE = YES;
				CLANG_WARN__DUPLICATE_METHOD_MATCH = YES;
				COPY_PHASE_STRIP = NO;
				DEBUG_INFORMATION_FORMAT = dwarf;
				ENABLE_STRICT_OBJC_MSGSEND = YES;
				ENABLE_TESTABILITY = YES;
				"EXCLUDED_ARCHS[sdk=*]" = arm64;
				GCC_C_LANGUAGE_STANDARD = gnu11;
				GCC_DYNAMIC_NO_PIC = NO;
				GCC_NO_COMMON_BLOCKS = YES;
				GCC_OPTIMIZATION_LEVEL = 0;
				GCC_PREPROCESSOR_DEFINITIONS = (
					"DEBUG=1",
					"$(inherited)",
				);
				GCC_WARN_64_TO_32_BIT_CONVERSION = YES;
				GCC_WARN_ABOUT_RETURN_TYPE = YES_ERROR;
				GCC_WARN_UNDECLARED_SELECTOR = YES;
				GCC_WARN_UNINITIALIZED_AUTOS = YES_AGGRESSIVE;
				GCC_WARN_UNUSED_FUNCTION = YES;
				GCC_WARN_UNUSED_VARIABLE = YES;
				IPHONEOS_DEPLOYMENT_TARGET = 15.0;
				MTL_ENABLE_DEBUG_INFO = INCLUDE_SOURCE;
				MTL_FAST_MATH = YES;
				ONLY_ACTIVE_ARCH = YES;
				SDKROOT = iphoneos;
				SWIFT_ACTIVE_COMPILATION_CONDITIONS = DEBUG;
				SWIFT_OPTIMIZATION_LEVEL = "-Onone";
			};
			name = Debug;
		};
		A49D47CF2872987E009CC151 /* Release */ = {
			isa = XCBuildConfiguration;
			buildSettings = {
				ALWAYS_SEARCH_USER_PATHS = NO;
				CLANG_ANALYZER_NONNULL = YES;
				CLANG_ANALYZER_NUMBER_OBJECT_CONVERSION = YES_AGGRESSIVE;
				CLANG_CXX_LANGUAGE_STANDARD = "gnu++17";
				CLANG_CXX_LIBRARY = "libc++";
				CLANG_ENABLE_MODULES = YES;
				CLANG_ENABLE_OBJC_ARC = YES;
				CLANG_ENABLE_OBJC_WEAK = YES;
				CLANG_WARN_BLOCK_CAPTURE_AUTORELEASING = YES;
				CLANG_WARN_BOOL_CONVERSION = YES;
				CLANG_WARN_COMMA = YES;
				CLANG_WARN_CONSTANT_CONVERSION = YES;
				CLANG_WARN_DEPRECATED_OBJC_IMPLEMENTATIONS = YES;
				CLANG_WARN_DIRECT_OBJC_ISA_USAGE = YES_ERROR;
				CLANG_WARN_DOCUMENTATION_COMMENTS = YES;
				CLANG_WARN_EMPTY_BODY = YES;
				CLANG_WARN_ENUM_CONVERSION = YES;
				CLANG_WARN_INFINITE_RECURSION = YES;
				CLANG_WARN_INT_CONVERSION = YES;
				CLANG_WARN_NON_LITERAL_NULL_CONVERSION = YES;
				CLANG_WARN_OBJC_IMPLICIT_RETAIN_SELF = YES;
				CLANG_WARN_OBJC_LITERAL_CONVERSION = YES;
				CLANG_WARN_OBJC_ROOT_CLASS = YES_ERROR;
				CLANG_WARN_QUOTED_INCLUDE_IN_FRAMEWORK_HEADER = YES;
				CLANG_WARN_RANGE_LOOP_ANALYSIS = YES;
				CLANG_WARN_STRICT_PROTOTYPES = YES;
				CLANG_WARN_SUSPICIOUS_MOVE = YES;
				CLANG_WARN_UNGUARDED_AVAILABILITY = YES_AGGRESSIVE;
				CLANG_WARN_UNREACHABLE_CODE = YES;
				CLANG_WARN__DUPLICATE_METHOD_MATCH = YES;
				COPY_PHASE_STRIP = NO;
				DEBUG_INFORMATION_FORMAT = "dwarf-with-dsym";
				ENABLE_NS_ASSERTIONS = NO;
				ENABLE_STRICT_OBJC_MSGSEND = YES;
				"EXCLUDED_ARCHS[sdk=*]" = arm64;
				GCC_C_LANGUAGE_STANDARD = gnu11;
				GCC_NO_COMMON_BLOCKS = YES;
				GCC_WARN_64_TO_32_BIT_CONVERSION = YES;
				GCC_WARN_ABOUT_RETURN_TYPE = YES_ERROR;
				GCC_WARN_UNDECLARED_SELECTOR = YES;
				GCC_WARN_UNINITIALIZED_AUTOS = YES_AGGRESSIVE;
				GCC_WARN_UNUSED_FUNCTION = YES;
				GCC_WARN_UNUSED_VARIABLE = YES;
				IPHONEOS_DEPLOYMENT_TARGET = 15.0;
				MTL_ENABLE_DEBUG_INFO = NO;
				MTL_FAST_MATH = YES;
				SDKROOT = iphoneos;
				SWIFT_COMPILATION_MODE = wholemodule;
				SWIFT_OPTIMIZATION_LEVEL = "-O";
				VALIDATE_PRODUCT = YES;
			};
			name = Release;
		};
		A49D47D12872987E009CC151 /* Debug */ = {
			isa = XCBuildConfiguration;
			baseConfigurationReference = C23B82E7E2295AA66F687B5E /* Pods-FindRestaurant.debug.xcconfig */;
			buildSettings = {
				ASSETCATALOG_COMPILER_APPICON_NAME = AppIcon;
				ASSETCATALOG_COMPILER_GLOBAL_ACCENT_COLOR_NAME = AccentColor;
				CODE_SIGN_STYLE = Automatic;
				CURRENT_PROJECT_VERSION = 1;
				DEVELOPMENT_TEAM = WJ4FU6AR86;
				GENERATE_INFOPLIST_FILE = YES;
				INFOPLIST_FILE = FindRestaurant/Info.plist;
				INFOPLIST_KEY_UIApplicationSupportsIndirectInputEvents = YES;
				INFOPLIST_KEY_UILaunchStoryboardName = LaunchScreen;
				INFOPLIST_KEY_UIMainStoryboardFile = Main;
				INFOPLIST_KEY_UISupportedInterfaceOrientations_iPad = "UIInterfaceOrientationPortrait UIInterfaceOrientationPortraitUpsideDown UIInterfaceOrientationLandscapeLeft UIInterfaceOrientationLandscapeRight";
				INFOPLIST_KEY_UISupportedInterfaceOrientations_iPhone = "UIInterfaceOrientationPortrait UIInterfaceOrientationLandscapeLeft UIInterfaceOrientationLandscapeRight";
				LD_RUNPATH_SEARCH_PATHS = (
					"$(inherited)",
					"@executable_path/Frameworks",
				);
				MARKETING_VERSION = 1.0;
				PRODUCT_BUNDLE_IDENTIFIER = com.test.FindRestaurant;
				PRODUCT_NAME = "$(TARGET_NAME)";
				SWIFT_EMIT_LOC_STRINGS = YES;
				SWIFT_VERSION = 5.0;
				TARGETED_DEVICE_FAMILY = "1,2";
			};
			name = Debug;
		};
		A49D47D22872987E009CC151 /* Release */ = {
			isa = XCBuildConfiguration;
			baseConfigurationReference = 239F346801D94AF6A6568C9A /* Pods-FindRestaurant.release.xcconfig */;
			buildSettings = {
				ASSETCATALOG_COMPILER_APPICON_NAME = AppIcon;
				ASSETCATALOG_COMPILER_GLOBAL_ACCENT_COLOR_NAME = AccentColor;
				CODE_SIGN_STYLE = Automatic;
				CURRENT_PROJECT_VERSION = 1;
				DEVELOPMENT_TEAM = WJ4FU6AR86;
				GENERATE_INFOPLIST_FILE = YES;
				INFOPLIST_FILE = FindRestaurant/Info.plist;
				INFOPLIST_KEY_UIApplicationSupportsIndirectInputEvents = YES;
				INFOPLIST_KEY_UILaunchStoryboardName = LaunchScreen;
				INFOPLIST_KEY_UIMainStoryboardFile = Main;
				INFOPLIST_KEY_UISupportedInterfaceOrientations_iPad = "UIInterfaceOrientationPortrait UIInterfaceOrientationPortraitUpsideDown UIInterfaceOrientationLandscapeLeft UIInterfaceOrientationLandscapeRight";
				INFOPLIST_KEY_UISupportedInterfaceOrientations_iPhone = "UIInterfaceOrientationPortrait UIInterfaceOrientationLandscapeLeft UIInterfaceOrientationLandscapeRight";
				LD_RUNPATH_SEARCH_PATHS = (
					"$(inherited)",
					"@executable_path/Frameworks",
				);
				MARKETING_VERSION = 1.0;
				PRODUCT_BUNDLE_IDENTIFIER = com.test.FindRestaurant;
				PRODUCT_NAME = "$(TARGET_NAME)";
				SWIFT_EMIT_LOC_STRINGS = YES;
				SWIFT_VERSION = 5.0;
				TARGETED_DEVICE_FAMILY = "1,2";
			};
			name = Release;
		};
		A49D47D42872987E009CC151 /* Debug */ = {
			isa = XCBuildConfiguration;
			baseConfigurationReference = D6D8B5BAF1AF4E27E9E17DEB /* Pods-FindRestaurantTests.debug.xcconfig */;
			buildSettings = {
				ALWAYS_EMBED_SWIFT_STANDARD_LIBRARIES = YES;
				BUNDLE_LOADER = "$(TEST_HOST)";
				CODE_SIGN_STYLE = Automatic;
				CURRENT_PROJECT_VERSION = 1;
				DEVELOPMENT_TEAM = WJ4FU6AR86;
				GENERATE_INFOPLIST_FILE = YES;
				IPHONEOS_DEPLOYMENT_TARGET = 15.0;
				LD_RUNPATH_SEARCH_PATHS = (
					"$(inherited)",
					"@executable_path/Frameworks",
					"@loader_path/Frameworks",
				);
				MARKETING_VERSION = 1.0;
				PRODUCT_BUNDLE_IDENTIFIER = com.test.FindRestaurantTests;
				PRODUCT_NAME = "$(TARGET_NAME)";
				SWIFT_EMIT_LOC_STRINGS = NO;
				SWIFT_VERSION = 5.0;
				TARGETED_DEVICE_FAMILY = "1,2";
				TEST_HOST = "$(BUILT_PRODUCTS_DIR)/FindRestaurant.app/FindRestaurant";
			};
			name = Debug;
		};
		A49D47D52872987E009CC151 /* Release */ = {
			isa = XCBuildConfiguration;
			baseConfigurationReference = F37321FF4EBF3F9FFFB4BB5B /* Pods-FindRestaurantTests.release.xcconfig */;
			buildSettings = {
				ALWAYS_EMBED_SWIFT_STANDARD_LIBRARIES = YES;
				BUNDLE_LOADER = "$(TEST_HOST)";
				CODE_SIGN_STYLE = Automatic;
				CURRENT_PROJECT_VERSION = 1;
				DEVELOPMENT_TEAM = WJ4FU6AR86;
				GENERATE_INFOPLIST_FILE = YES;
				IPHONEOS_DEPLOYMENT_TARGET = 15.0;
				LD_RUNPATH_SEARCH_PATHS = (
					"$(inherited)",
					"@executable_path/Frameworks",
					"@loader_path/Frameworks",
				);
				MARKETING_VERSION = 1.0;
				PRODUCT_BUNDLE_IDENTIFIER = com.test.FindRestaurantTests;
				PRODUCT_NAME = "$(TARGET_NAME)";
				SWIFT_EMIT_LOC_STRINGS = NO;
				SWIFT_VERSION = 5.0;
				TARGETED_DEVICE_FAMILY = "1,2";
				TEST_HOST = "$(BUILT_PRODUCTS_DIR)/FindRestaurant.app/FindRestaurant";
			};
			name = Release;
		};
		A49D47D72872987E009CC151 /* Debug */ = {
			isa = XCBuildConfiguration;
			baseConfigurationReference = 09832D1D8FB2B554AD3D56BF /* Pods-FindRestaurant-FindRestaurantUITests.debug.xcconfig */;
			buildSettings = {
				ALWAYS_EMBED_SWIFT_STANDARD_LIBRARIES = YES;
				CODE_SIGN_STYLE = Automatic;
				CURRENT_PROJECT_VERSION = 1;
				DEVELOPMENT_TEAM = WJ4FU6AR86;
				GENERATE_INFOPLIST_FILE = YES;
				LD_RUNPATH_SEARCH_PATHS = (
					"$(inherited)",
					"@executable_path/Frameworks",
					"@loader_path/Frameworks",
				);
				MARKETING_VERSION = 1.0;
				PRODUCT_BUNDLE_IDENTIFIER = com.test.FindRestaurantUITests;
				PRODUCT_NAME = "$(TARGET_NAME)";
				SWIFT_EMIT_LOC_STRINGS = NO;
				SWIFT_VERSION = 5.0;
				TARGETED_DEVICE_FAMILY = "1,2";
				TEST_TARGET_NAME = FindRestaurant;
			};
			name = Debug;
		};
		A49D47D82872987E009CC151 /* Release */ = {
			isa = XCBuildConfiguration;
			baseConfigurationReference = E41F02CE748FC0748BC66E69 /* Pods-FindRestaurant-FindRestaurantUITests.release.xcconfig */;
			buildSettings = {
				ALWAYS_EMBED_SWIFT_STANDARD_LIBRARIES = YES;
				CODE_SIGN_STYLE = Automatic;
				CURRENT_PROJECT_VERSION = 1;
				DEVELOPMENT_TEAM = WJ4FU6AR86;
				GENERATE_INFOPLIST_FILE = YES;
				LD_RUNPATH_SEARCH_PATHS = (
					"$(inherited)",
					"@executable_path/Frameworks",
					"@loader_path/Frameworks",
				);
				MARKETING_VERSION = 1.0;
				PRODUCT_BUNDLE_IDENTIFIER = com.test.FindRestaurantUITests;
				PRODUCT_NAME = "$(TARGET_NAME)";
				SWIFT_EMIT_LOC_STRINGS = NO;
				SWIFT_VERSION = 5.0;
				TARGETED_DEVICE_FAMILY = "1,2";
				TEST_TARGET_NAME = FindRestaurant;
			};
			name = Release;
		};
/* End XCBuildConfiguration section */

/* Begin XCConfigurationList section */
		A49D479E2872987B009CC151 /* Build configuration list for PBXProject "FindRestaurant" */ = {
			isa = XCConfigurationList;
			buildConfigurations = (
				A49D47CE2872987E009CC151 /* Debug */,
				A49D47CF2872987E009CC151 /* Release */,
			);
			defaultConfigurationIsVisible = 0;
			defaultConfigurationName = Release;
		};
		A49D47D02872987E009CC151 /* Build configuration list for PBXNativeTarget "FindRestaurant" */ = {
			isa = XCConfigurationList;
			buildConfigurations = (
				A49D47D12872987E009CC151 /* Debug */,
				A49D47D22872987E009CC151 /* Release */,
			);
			defaultConfigurationIsVisible = 0;
			defaultConfigurationName = Release;
		};
		A49D47D32872987E009CC151 /* Build configuration list for PBXNativeTarget "FindRestaurantTests" */ = {
			isa = XCConfigurationList;
			buildConfigurations = (
				A49D47D42872987E009CC151 /* Debug */,
				A49D47D52872987E009CC151 /* Release */,
			);
			defaultConfigurationIsVisible = 0;
			defaultConfigurationName = Release;
		};
		A49D47D62872987E009CC151 /* Build configuration list for PBXNativeTarget "FindRestaurantUITests" */ = {
			isa = XCConfigurationList;
			buildConfigurations = (
				A49D47D72872987E009CC151 /* Debug */,
				A49D47D82872987E009CC151 /* Release */,
			);
			defaultConfigurationIsVisible = 0;
			defaultConfigurationName = Release;
		};
/* End XCConfigurationList section */

/* Begin XCVersionGroup section */
		A49D47AF2872987B009CC151 /* FindRestaurant.xcdatamodeld */ = {
			isa = XCVersionGroup;
			children = (
				A49D47B02872987B009CC151 /* FindRestaurant.xcdatamodel */,
			);
			currentVersion = A49D47B02872987B009CC151 /* FindRestaurant.xcdatamodel */;
			path = FindRestaurant.xcdatamodeld;
			sourceTree = "<group>";
			versionGroupType = wrapper.xcdatamodel;
		};
/* End XCVersionGroup section */
	};
	rootObject = A49D479B2872987B009CC151 /* Project object */;
}
